
Microsoft Visual Studio Solution File, Format Version 12.00
# Visual Studio 15
VisualStudioVersion = 15.0.27004.2009
MinimumVisualStudioVersion = 10.0.40219.1
Project("{FAE04EC0-301F-11D3-BF4B-00C04F79EFBC}") = "Genetic_Algorithm_Tsp", "Genetic_Algorithm_Tsp\Genetic_Algorithm_Tsp.csproj", "{3D633319-6547-4A3A-9CD1-1E87F2D605F9}"
EndProject
Global
	GlobalSection(SolutionConfigurationPlatforms) = preSolution
		Debug|Any CPU = Debug|Any CPU
		Release|Any CPU = Release|Any CPU
	EndGlobalSection
	GlobalSection(ProjectConfigurationPlatforms) = postSolution
		{3D633319-6547-4A3A-9CD1-1E87F2D605F9}.Debug|Any CPU.ActiveCfg = Debug|Any CPU
		{3D633319-6547-4A3A-9CD1-1E87F2D605F9}.Debug|Any CPU.Build.0 = Debug|Any CPU
		{3D633319-6547-4A3A-9CD1-1E87F2D605F9}.Release|Any CPU.ActiveCfg = Release|Any CPU
		{3D633319-6547-4A3A-9CD1-1E87F2D605F9}.Release|Any CPU.Build.0 = Release|Any CPU
	EndGlobalSection
	GlobalSection(SolutionProperties) = preSolution
		HideSolutionNode = FALSE
	EndGlobalSection
	GlobalSection(ExtensibilityGlobals) = postSolution
		SolutionGuid = {F6F743A2-B011-414F-872B-9AC744F659BB}
	EndGlobalSection
EndGlobal
